{
	"name": "nativescript-https",
	"version": "1.0.3",
	"lockfileVersion": 1,
	"requires": true,
	"dependencies": {
		"lodash": {
			"version": "4.17.5",
			"resolved": "https://registry.npmjs.org/lodash/-/lodash-4.17.5.tgz",
			"integrity": "sha512-svL3uiZf1RwhH+cWrfZn3A4+U58wbP0tGVTLQPbjplZxZ8ROD9VLuNgsRniTlLe7OlSqR79RUehXgpBW/s0IQw=="
		},
		"prettier": {
			"version": "1.11.1",
			"resolved": "https://registry.npmjs.org/prettier/-/prettier-1.11.1.tgz",
			"integrity": "sha512-T/KD65Ot0PB97xTrG8afQ46x3oiVhnfGjGESSI9NWYcG92+OUPZKkwHqGWXH2t9jK1crnQjubECW0FuOth+hxw==",
			"dev": true
		},
		"punycode": {
			"version": "1.4.1",
			"resolved": "https://registry.npmjs.org/punycode/-/punycode-1.4.1.tgz",
			"integrity": "sha1-wNWmOycYgArY4esPpSachN1BhF4="
		},
		"tns-core-modules": {
			"version": "3.4.1",
			"resolved": "https://registry.npmjs.org/tns-core-modules/-/tns-core-modules-3.4.1.tgz",
			"integrity": "sha512-sz/yTmoW7WyDPpr4JEC+trlfiEI14X365jGF//tMCT/G6ISzANr43wc17fgbGH1UA1XbKzujbAl0xPNssRHVUA==",
			"dev": true,
			"requires": {
				"tns-core-modules-widgets": "3.4.0"
			}
		},
		"tns-core-modules-widgets": {
			"version": "3.4.0",
			"resolved": "https://registry.npmjs.org/tns-core-modules-widgets/-/tns-core-modules-widgets-3.4.0.tgz",
			"integrity": "sha512-WEtjDRTjjKB+C1NhY1CJSNyhK9DPCYzBgM+yKgq5AmphK/QdQEMAP1U2ttOv8yWWfsvLZGOnzyLCzcyeoG0Gfw==",
			"dev": true
		},
		"tns-platform-declarations": {
			"version": "3.4.1",
			"resolved": "https://registry.npmjs.org/tns-platform-declarations/-/tns-platform-declarations-3.4.1.tgz",
			"integrity": "sha512-GCvUvmtZ2Nne9GIppYF5xzUQzYP+KF43R+ce9kFMT1erDP0I6thLrRkLEo8JgAYD7ukMqXAb80MlYMv/VDGSCw==",
			"dev": true
		},
		"tough-cookie": {
			"version": "2.3.4",
			"resolved": "https://registry.npmjs.org/tough-cookie/-/tough-cookie-2.3.4.tgz",
			"integrity": "sha512-TZ6TTfI5NtZnuyy/Kecv+CnoROnyXn2DN97LontgQpCwsX2XyLYCC0ENhYkehSOwAp8rTQKc/NUIF7BkQ5rKLA==",
			"requires": {
				"punycode": "1.4.1"
			}
		},
		"tough-cookie-web-storage-store": {
			"version": "1.0.0",
			"resolved": "https://registry.npmjs.org/tough-cookie-web-storage-store/-/tough-cookie-web-storage-store-1.0.0.tgz",
			"integrity": "sha1-gCH84kKQvwthUeSR1zEjQ0UdOQ0=",
			"requires": {
				"lodash": "4.17.5"
			}
		},
		"typescript": {
			"version": "2.7.2",
			"resolved": "https://registry.npmjs.org/typescript/-/typescript-2.7.2.tgz",
			"integrity": "sha512-p5TCYZDAO0m4G344hD+wx/LATebLWZNkkh2asWUFqSsD2OrDNhbAHuSjobrmsUmdzjJjEeZVU9g1h3O6vpstnw==",
			"dev": true
		}
	}
}
